
Microsoft Visual Studio Solution File, Format Version 12.00
Project("{FAE04EC0-301F-11D3-BF4B-00C04F79EFBC}") = "C Sharp", "C Sharp\C Sharp.csproj", "{29B8A8D4-D4E3-4058-8076-C7B330C7DDA0}"
EndProject
Global
	GlobalSection(SolutionConfigurationPlatforms) = preSolution
		Debug|Any CPU = Debug|Any CPU
		Release|Any CPU = Release|Any CPU
	EndGlobalSection
	GlobalSection(ProjectConfigurationPlatforms) = postSolution
		{29B8A8D4-D4E3-4058-8076-C7B330C7DDA0}.Debug|Any CPU.ActiveCfg = Debug|Any CPU
		{29B8A8D4-D4E3-4058-8076-C7B330C7DDA0}.Debug|Any CPU.Build.0 = Debug|Any CPU
		{29B8A8D4-D4E3-4058-8076-C7B330C7DDA0}.Release|Any CPU.ActiveCfg = Release|Any CPU
		{29B8A8D4-D4E3-4058-8076-C7B330C7DDA0}.Release|Any CPU.Build.0 = Release|Any CPU
	EndGlobalSection
EndGlobal
